// !$*UTF8*$!
{
	archiveVersion = 1;
	classes = {
	};
	objectVersion = 56;
	objects = {

/* Begin PBXBuildFile section */
		997DF8502D5FB8F900131EA1 /* ResultViewController.swift in Sources */ = {isa = PBXBuildFile; fileRef = 997DF84F2D5FB8F900131EA1 /* ResultViewController.swift */; };
		997DF8522D62969100131EA1 /* Sentences.swift in Sources */ = {isa = PBXBuildFile; fileRef = 997DF8512D62969100131EA1 /* Sentences.swift */; };
		99BB6FAC2D5EA20B00264A11 /* CustomTabBarController.swift in Sources */ = {isa = PBXBuildFile; fileRef = 99BB6FAB2D5EA20B00264A11 /* CustomTabBarController.swift */; };
		99BB6FAE2D5EA30900264A11 /* ClickerViewController.swift in Sources */ = {isa = PBXBuildFile; fileRef = 99BB6FAD2D5EA30900264A11 /* ClickerViewController.swift */; };
		99BB6FB02D5F737200264A11 /* Animation - 1739536959711.json in Resources */ = {isa = PBXBuildFile; fileRef = 99BB6FAF2D5F737100264A11 /* Animation - 1739536959711.json */; };
		99BBDBF22D5E48ED00A2D6F1 /* AppDelegate.swift in Sources */ = {isa = PBXBuildFile; fileRef = 99BBDBF12D5E48ED00A2D6F1 /* AppDelegate.swift */; };
		99BBDBF42D5E48ED00A2D6F1 /* SceneDelegate.swift in Sources */ = {isa = PBXBuildFile; fileRef = 99BBDBF32D5E48ED00A2D6F1 /* SceneDelegate.swift */; };
		99BBDBF62D5E48ED00A2D6F1 /* ViewController.swift in Sources */ = {isa = PBXBuildFile; fileRef = 99BBDBF52D5E48ED00A2D6F1 /* ViewController.swift */; };
		99BBDBF92D5E48ED00A2D6F1 /* Main.storyboard in Resources */ = {isa = PBXBuildFile; fileRef = 99BBDBF72D5E48ED00A2D6F1 /* Main.storyboard */; };
		99BBDBFB2D5E48F000A2D6F1 /* Assets.xcassets in Resources */ = {isa = PBXBuildFile; fileRef = 99BBDBFA2D5E48F000A2D6F1 /* Assets.xcassets */; };
		99BBDBFE2D5E48F000A2D6F1 /* LaunchScreen.storyboard in Resources */ = {isa = PBXBuildFile; fileRef = 99BBDBFC2D5E48F000A2D6F1 /* LaunchScreen.storyboard */; };
		99BBDC232D5E58BF00A2D6F1 /* GradientView.swift in Sources */ = {isa = PBXBuildFile; fileRef = 99BBDC222D5E58BF00A2D6F1 /* GradientView.swift */; };
		99F26E3C2D5E7FB600F455D5 /* Lottie in Frameworks */ = {isa = PBXBuildFile; productRef = 99F26E3B2D5E7FB600F455D5 /* Lottie */; };
		99F26E3E2D5E7FB600F455D5 /* Lottie-Dynamic in Frameworks */ = {isa = PBXBuildFile; productRef = 99F26E3D2D5E7FB600F455D5 /* Lottie-Dynamic */; };
/* End PBXBuildFile section */

/* Begin PBXFileReference section */
		997DF84F2D5FB8F900131EA1 /* ResultViewController.swift */ = {isa = PBXFileReference; lastKnownFileType = sourcecode.swift; path = ResultViewController.swift; sourceTree = "<group>"; };
		997DF8512D62969100131EA1 /* Sentences.swift */ = {isa = PBXFileReference; lastKnownFileType = sourcecode.swift; path = Sentences.swift; sourceTree = "<group>"; };
		99BB6FAB2D5EA20B00264A11 /* CustomTabBarController.swift */ = {isa = PBXFileReference; lastKnownFileType = sourcecode.swift; path = CustomTabBarController.swift; sourceTree = "<group>"; };
		99BB6FAD2D5EA30900264A11 /* ClickerViewController.swift */ = {isa = PBXFileReference; lastKnownFileType = sourcecode.swift; path = ClickerViewController.swift; sourceTree = "<group>"; };
		99BB6FAF2D5F737100264A11 /* Animation - 1739536959711.json */ = {isa = PBXFileReference; fileEncoding = 4; lastKnownFileType = text.json; path = "Animation - 1739536959711.json"; sourceTree = "<group>"; };
		99BBDBEE2D5E48ED00A2D6F1 /* Pet Translator.app */ = {isa = PBXFileReference; explicitFileType = wrapper.application; includeInIndex = 0; path = "Pet Translator.app"; sourceTree = BUILT_PRODUCTS_DIR; };
		99BBDBF12D5E48ED00A2D6F1 /* AppDelegate.swift */ = {isa = PBXFileReference; lastKnownFileType = sourcecode.swift; path = AppDelegate.swift; sourceTree = "<group>"; };
		99BBDBF32D5E48ED00A2D6F1 /* SceneDelegate.swift */ = {isa = PBXFileReference; lastKnownFileType = sourcecode.swift; path = SceneDelegate.swift; sourceTree = "<group>"; };
		99BBDBF52D5E48ED00A2D6F1 /* ViewController.swift */ = {isa = PBXFileReference; lastKnownFileType = sourcecode.swift; path = ViewController.swift; sourceTree = "<group>"; };
		99BBDBF82D5E48ED00A2D6F1 /* Base */ = {isa = PBXFileReference; lastKnownFileType = file.storyboard; name = Base; path = Base.lproj/Main.storyboard; sourceTree = "<group>"; };
		99BBDBFA2D5E48F000A2D6F1 /* Assets.xcassets */ = {isa = PBXFileReference; lastKnownFileType = folder.assetcatalog; path = Assets.xcassets; sourceTree = "<group>"; };
		99BBDBFD2D5E48F000A2D6F1 /* Base */ = {isa = PBXFileReference; lastKnownFileType = file.storyboard; name = Base; path = Base.lproj/LaunchScreen.storyboard; sourceTree = "<group>"; };
		99BBDBFF2D5E48F000A2D6F1 /* Info.plist */ = {isa = PBXFileReference; lastKnownFileType = text.plist.xml; path = Info.plist; sourceTree = "<group>"; };
		99BBDC222D5E58BF00A2D6F1 /* GradientView.swift */ = {isa = PBXFileReference; lastKnownFileType = sourcecode.swift; path = GradientView.swift; sourceTree = "<group>"; };
/* End PBXFileReference section */

/* Begin PBXFrameworksBuildPhase section */
		99BBDBEB2D5E48ED00A2D6F1 /* Frameworks */ = {
			isa = PBXFrameworksBuildPhase;
			buildActionMask = 2147483647;
			files = (
				99F26E3C2D5E7FB600F455D5 /* Lottie in Frameworks */,
				99F26E3E2D5E7FB600F455D5 /* Lottie-Dynamic in Frameworks */,
			);
			runOnlyForDeploymentPostprocessing = 0;
		};
/* End PBXFrameworksBuildPhase section */

/* Begin PBXGroup section */
		997DF8532D62975600131EA1 /* Controlers */ = {
			isa = PBXGroup;
			children = (
				99BBDBF52D5E48ED00A2D6F1 /* ViewController.swift */,
				99BB6FAD2D5EA30900264A11 /* ClickerViewController.swift */,
				997DF84F2D5FB8F900131EA1 /* ResultViewController.swift */,
				99BB6FAB2D5EA20B00264A11 /* CustomTabBarController.swift */,
			);
			path = Controlers;
			sourceTree = "<group>";
		};
		99BBDBE52D5E48ED00A2D6F1 = {
			isa = PBXGroup;
			children = (
				99BBDBF02D5E48ED00A2D6F1 /* Pet Translator */,
				997DF8532D62975600131EA1 /* Controlers */,
				99BBDC202D5E58A600A2D6F1 /* Model */,
				99BBDC1F2D5E589300A2D6F1 /* View */,
				99BBDBEF2D5E48ED00A2D6F1 /* Products */,
			);
			sourceTree = "<group>";
		};
		99BBDBEF2D5E48ED00A2D6F1 /* Products */ = {
			isa = PBXGroup;
			children = (
				99BBDBEE2D5E48ED00A2D6F1 /* Pet Translator.app */,
			);
			name = Products;
			sourceTree = "<group>";
		};
		99BBDBF02D5E48ED00A2D6F1 /* Pet Translator */ = {
			isa = PBXGroup;
			children = (
				99BBDBF32D5E48ED00A2D6F1 /* SceneDelegate.swift */,
				99BBDBF12D5E48ED00A2D6F1 /* AppDelegate.swift */,
				99BBDBFA2D5E48F000A2D6F1 /* Assets.xcassets */,
				99BBDBFF2D5E48F000A2D6F1 /* Info.plist */,
				99BBDBFC2D5E48F000A2D6F1 /* LaunchScreen.storyboard */,
				99BBDBF72D5E48ED00A2D6F1 /* Main.storyboard */,
			);
			path = "Pet Translator";
			sourceTree = "<group>";
		};
		99BBDC1F2D5E589300A2D6F1 /* View */ = {
			isa = PBXGroup;
			children = (
				99BBDC212D5E58B000A2D6F1 /* Gradient */,
			);
			path = View;
			sourceTree = "<group>";
		};
		99BBDC202D5E58A600A2D6F1 /* Model */ = {
			isa = PBXGroup;
			children = (
				99BB6FAF2D5F737100264A11 /* Animation - 1739536959711.json */,
				997DF8512D62969100131EA1 /* Sentences.swift */,
			);
			path = Model;
			sourceTree = "<group>";
		};
		99BBDC212D5E58B000A2D6F1 /* Gradient */ = {
			isa = PBXGroup;
			children = (
				99BBDC222D5E58BF00A2D6F1 /* GradientView.swift */,
			);
			path = Gradient;
			sourceTree = "<group>";
		};
/* End PBXGroup section */

/* Begin PBXNativeTarget section */
		99BBDBED2D5E48ED00A2D6F1 /* Pet Translator */ = {
			isa = PBXNativeTarget;
			buildConfigurationList = 99BBDC022D5E48F000A2D6F1 /* Build configuration list for PBXNativeTarget "Pet Translator" */;
			buildPhases = (
				99BBDBEA2D5E48ED00A2D6F1 /* Sources */,
				99BBDBEB2D5E48ED00A2D6F1 /* Frameworks */,
				99BBDBEC2D5E48ED00A2D6F1 /* Resources */,
			);
			buildRules = (
			);
			dependencies = (
			);
			name = "Pet Translator";
			packageProductDependencies = (
				99F26E3B2D5E7FB600F455D5 /* Lottie */,
				99F26E3D2D5E7FB600F455D5 /* Lottie-Dynamic */,
			);
			productName = "Pet Translator";
			productReference = 99BBDBEE2D5E48ED00A2D6F1 /* Pet Translator.app */;
			productType = "com.apple.product-type.application";
		};
/* End PBXNativeTarget section */

/* Begin PBXProject section */
		99BBDBE62D5E48ED00A2D6F1 /* Project object */ = {
			isa = PBXProject;
			attributes = {
				BuildIndependentTargetsInParallel = 1;
				LastSwiftUpdateCheck = 1520;
				LastUpgradeCheck = 1520;
				TargetAttributes = {
					99BBDBED2D5E48ED00A2D6F1 = {
						CreatedOnToolsVersion = 15.2;
					};
				};
			};
			buildConfigurationList = 99BBDBE92D5E48ED00A2D6F1 /* Build configuration list for PBXProject "Pet Translator" */;
			compatibilityVersion = "Xcode 14.0";
			developmentRegion = en;
			hasScannedForEncodings = 0;
			knownRegions = (
				en,
				Base,
			);
			mainGroup = 99BBDBE52D5E48ED00A2D6F1;
			packageReferences = (
				99F26E3A2D5E7FB600F455D5 /* XCRemoteSwiftPackageReference "lottie-ios" */,
			);
			productRefGroup = 99BBDBEF2D5E48ED00A2D6F1 /* Products */;
			projectDirPath = "";
			projectRoot = "";
			targets = (
				99BBDBED2D5E48ED00A2D6F1 /* Pet Translator */,
			);
		};
/* End PBXProject section */

/* Begin PBXResourcesBuildPhase section */
		99BBDBEC2D5E48ED00A2D6F1 /* Resources */ = {
			isa = PBXResourcesBuildPhase;
			buildActionMask = 2147483647;
			files = (
				99BBDBFE2D5E48F000A2D6F1 /* LaunchScreen.storyboard in Resources */,
				99BB6FB02D5F737200264A11 /* Animation - 1739536959711.json in Resources */,
				99BBDBFB2D5E48F000A2D6F1 /* Assets.xcassets in Resources */,
				99BBDBF92D5E48ED00A2D6F1 /* Main.storyboard in Resources */,
			);
			runOnlyForDeploymentPostprocessing = 0;
		};
/* End PBXResourcesBuildPhase section */

/* Begin PBXSourcesBuildPhase section */
		99BBDBEA2D5E48ED00A2D6F1 /* Sources */ = {
			isa = PBXSourcesBuildPhase;
			buildActionMask = 2147483647;
			files = (
				99BBDBF62D5E48ED00A2D6F1 /* ViewController.swift in Sources */,
				99BBDBF22D5E48ED00A2D6F1 /* AppDelegate.swift in Sources */,
				997DF8522D62969100131EA1 /* Sentences.swift in Sources */,
				997DF8502D5FB8F900131EA1 /* ResultViewController.swift in Sources */,
				99BB6FAC2D5EA20B00264A11 /* CustomTabBarController.swift in Sources */,
				99BBDC232D5E58BF00A2D6F1 /* GradientView.swift in Sources */,
				99BB6FAE2D5EA30900264A11 /* ClickerViewController.swift in Sources */,
				99BBDBF42D5E48ED00A2D6F1 /* SceneDelegate.swift in Sources */,
			);
			runOnlyForDeploymentPostprocessing = 0;
		};
/* End PBXSourcesBuildPhase section */

/* Begin PBXVariantGroup section */
		99BBDBF72D5E48ED00A2D6F1 /* Main.storyboard */ = {
			isa = PBXVariantGroup;
			children = (
				99BBDBF82D5E48ED00A2D6F1 /* Base */,
			);
			name = Main.storyboard;
			sourceTree = "<group>";
		};
		99BBDBFC2D5E48F000A2D6F1 /* LaunchScreen.storyboard */ = {
			isa = PBXVariantGroup;
			children = (
				99BBDBFD2D5E48F000A2D6F1 /* Base */,
			);
			name = LaunchScreen.storyboard;
			sourceTree = "<group>";
		};
/* End PBXVariantGroup section */

/* Begin XCBuildConfiguration section */
		99BBDC002D5E48F000A2D6F1 /* Debug */ = {
			isa = XCBuildConfiguration;
			buildSettings = {
				ALWAYS_SEARCH_USER_PATHS = NO;
				ASSETCATALOG_COMPILER_GENERATE_SWIFT_ASSET_SYMBOL_EXTENSIONS = YES;
				CLANG_ANALYZER_NONNULL = YES;
				CLANG_ANALYZER_NUMBER_OBJECT_CONVERSION = YES_AGGRESSIVE;
				CLANG_CXX_LANGUAGE_STANDARD = "gnu++20";
				CLANG_ENABLE_MODULES = YES;
				CLANG_ENABLE_OBJC_ARC = YES;
				CLANG_ENABLE_OBJC_WEAK = YES;
				CLANG_WARN_BLOCK_CAPTURE_AUTORELEASING = YES;
				CLANG_WARN_BOOL_CONVERSION = YES;
				CLANG_WARN_COMMA = YES;
				CLANG_WARN_CONSTANT_CONVERSION = YES;
				CLANG_WARN_DEPRECATED_OBJC_IMPLEMENTATIONS = YES;
				CLANG_WARN_DIRECT_OBJC_ISA_USAGE = YES_ERROR;
				CLANG_WARN_DOCUMENTATION_COMMENTS = YES;
				CLANG_WARN_EMPTY_BODY = YES;
				CLANG_WARN_ENUM_CONVERSION = YES;
				CLANG_WARN_INFINITE_RECURSION = YES;
				CLANG_WARN_INT_CONVERSION = YES;
				CLANG_WARN_NON_LITERAL_NULL_CONVERSION = YES;
				CLANG_WARN_OBJC_IMPLICIT_RETAIN_SELF = YES;
				CLANG_WARN_OBJC_LITERAL_CONVERSION = YES;
				CLANG_WARN_OBJC_ROOT_CLASS = YES_ERROR;
				CLANG_WARN_QUOTED_INCLUDE_IN_FRAMEWORK_HEADER = YES;
				CLANG_WARN_RANGE_LOOP_ANALYSIS = YES;
				CLANG_WARN_STRICT_PROTOTYPES = YES;
				CLANG_WARN_SUSPICIOUS_MOVE = YES;
				CLANG_WARN_UNGUARDED_AVAILABILITY = YES_AGGRESSIVE;
				CLANG_WARN_UNREACHABLE_CODE = YES;
				CLANG_WARN__DUPLICATE_METHOD_MATCH = YES;
				COPY_PHASE_STRIP = NO;
				DEBUG_INFORMATION_FORMAT = dwarf;
				ENABLE_STRICT_OBJC_MSGSEND = YES;
				ENABLE_TESTABILITY = YES;
				ENABLE_USER_SCRIPT_SANDBOXING = YES;
				GCC_C_LANGUAGE_STANDARD = gnu17;
				GCC_DYNAMIC_NO_PIC = NO;
				GCC_NO_COMMON_BLOCKS = YES;
				GCC_OPTIMIZATION_LEVEL = 0;
				GCC_PREPROCESSOR_DEFINITIONS = (
					"DEBUG=1",
					"$(inherited)",
				);
				GCC_WARN_64_TO_32_BIT_CONVERSION = YES;
				GCC_WARN_ABOUT_RETURN_TYPE = YES_ERROR;
				GCC_WARN_UNDECLARED_SELECTOR = YES;
				GCC_WARN_UNINITIALIZED_AUTOS = YES_AGGRESSIVE;
				GCC_WARN_UNUSED_FUNCTION = YES;
				GCC_WARN_UNUSED_VARIABLE = YES;
				IPHONEOS_DEPLOYMENT_TARGET = 17.2;
				LOCALIZATION_PREFERS_STRING_CATALOGS = YES;
				MTL_ENABLE_DEBUG_INFO = INCLUDE_SOURCE;
				MTL_FAST_MATH = YES;
				ONLY_ACTIVE_ARCH = YES;
				SDKROOT = iphoneos;
				SWIFT_ACTIVE_COMPILATION_CONDITIONS = "DEBUG $(inherited)";
				SWIFT_OPTIMIZATION_LEVEL = "-Onone";
			};
			name = Debug;
		};
		99BBDC012D5E48F000A2D6F1 /* Release */ = {
			isa = XCBuildConfiguration;
			buildSettings = {
				ALWAYS_SEARCH_USER_PATHS = NO;
				ASSETCATALOG_COMPILER_GENERATE_SWIFT_ASSET_SYMBOL_EXTENSIONS = YES;
				CLANG_ANALYZER_NONNULL = YES;
				CLANG_ANALYZER_NUMBER_OBJECT_CONVERSION = YES_AGGRESSIVE;
				CLANG_CXX_LANGUAGE_STANDARD = "gnu++20";
				CLANG_ENABLE_MODULES = YES;
				CLANG_ENABLE_OBJC_ARC = YES;
				CLANG_ENABLE_OBJC_WEAK = YES;
				CLANG_WARN_BLOCK_CAPTURE_AUTORELEASING = YES;
				CLANG_WARN_BOOL_CONVERSION = YES;
				CLANG_WARN_COMMA = YES;
				CLANG_WARN_CONSTANT_CONVERSION = YES;
				CLANG_WARN_DEPRECATED_OBJC_IMPLEMENTATIONS = YES;
				CLANG_WARN_DIRECT_OBJC_ISA_USAGE = YES_ERROR;
				CLANG_WARN_DOCUMENTATION_COMMENTS = YES;
				CLANG_WARN_EMPTY_BODY = YES;
				CLANG_WARN_ENUM_CONVERSION = YES;
				CLANG_WARN_INFINITE_RECURSION = YES;
				CLANG_WARN_INT_CONVERSION = YES;
				CLANG_WARN_NON_LITERAL_NULL_CONVERSION = YES;
				CLANG_WARN_OBJC_IMPLICIT_RETAIN_SELF = YES;
				CLANG_WARN_OBJC_LITERAL_CONVERSION = YES;
				CLANG_WARN_OBJC_ROOT_CLASS = YES_ERROR;
				CLANG_WARN_QUOTED_INCLUDE_IN_FRAMEWORK_HEADER = YES;
				CLANG_WARN_RANGE_LOOP_ANALYSIS = YES;
				CLANG_WARN_STRICT_PROTOTYPES = YES;
				CLANG_WARN_SUSPICIOUS_MOVE = YES;
				CLANG_WARN_UNGUARDED_AVAILABILITY = YES_AGGRESSIVE;
				CLANG_WARN_UNREACHABLE_CODE = YES;
				CLANG_WARN__DUPLICATE_METHOD_MATCH = YES;
				COPY_PHASE_STRIP = NO;
				DEBUG_INFORMATION_FORMAT = "dwarf-with-dsym";
				ENABLE_NS_ASSERTIONS = NO;
				ENABLE_STRICT_OBJC_MSGSEND = YES;
				ENABLE_USER_SCRIPT_SANDBOXING = YES;
				GCC_C_LANGUAGE_STANDARD = gnu17;
				GCC_NO_COMMON_BLOCKS = YES;
				GCC_WARN_64_TO_32_BIT_CONVERSION = YES;
				GCC_WARN_ABOUT_RETURN_TYPE = YES_ERROR;
				GCC_WARN_UNDECLARED_SELECTOR = YES;
				GCC_WARN_UNINITIALIZED_AUTOS = YES_AGGRESSIVE;
				GCC_WARN_UNUSED_FUNCTION = YES;
				GCC_WARN_UNUSED_VARIABLE = YES;
				IPHONEOS_DEPLOYMENT_TARGET = 17.2;
				LOCALIZATION_PREFERS_STRING_CATALOGS = YES;
				MTL_ENABLE_DEBUG_INFO = NO;
				MTL_FAST_MATH = YES;
				SDKROOT = iphoneos;
				SWIFT_COMPILATION_MODE = wholemodule;
				VALIDATE_PRODUCT = YES;
			};
			name = Release;
		};
		99BBDC032D5E48F000A2D6F1 /* Debug */ = {
			isa = XCBuildConfiguration;
			buildSettings = {
				ASSETCATALOG_COMPILER_APPICON_NAME = AppIcon;
				ASSETCATALOG_COMPILER_GLOBAL_ACCENT_COLOR_NAME = AccentColor;
				CODE_SIGN_STYLE = Automatic;
				CURRENT_PROJECT_VERSION = 1;
				DEVELOPMENT_TEAM = G32MTJ59JJ;
				GENERATE_INFOPLIST_FILE = YES;
				INFOPLIST_FILE = "Pet Translator/Info.plist";
				INFOPLIST_KEY_NSMicrophoneUsageDescription = "Please allow access to your microphone to use the app's features";
				INFOPLIST_KEY_UIApplicationSupportsIndirectInputEvents = YES;
				INFOPLIST_KEY_UILaunchStoryboardName = LaunchScreen.storyboard;
				INFOPLIST_KEY_UIMainStoryboardFile = Main;
				INFOPLIST_KEY_UISupportedInterfaceOrientations = UIInterfaceOrientationPortrait;
				INFOPLIST_KEY_UISupportedInterfaceOrientations_iPad = "UIInterfaceOrientationLandscapeLeft UIInterfaceOrientationLandscapeRight UIInterfaceOrientationPortrait UIInterfaceOrientationPortraitUpsideDown";
				LD_RUNPATH_SEARCH_PATHS = (
					"$(inherited)",
					"@executable_path/Frameworks",
				);
				MARKETING_VERSION = 1.0;
				PRODUCT_BUNDLE_IDENTIFIER = "com.tkch.Pet-Translator";
				PRODUCT_NAME = "$(TARGET_NAME)";
				SUPPORTED_PLATFORMS = "iphoneos iphonesimulator";
				SUPPORTS_MACCATALYST = NO;
				SUPPORTS_MAC_DESIGNED_FOR_IPHONE_IPAD = NO;
				SUPPORTS_XR_DESIGNED_FOR_IPHONE_IPAD = NO;
				SWIFT_EMIT_LOC_STRINGS = YES;
				SWIFT_VERSION = 5.0;
				TARGETED_DEVICE_FAMILY = 1;
			};
			name = Debug;
		};
		99BBDC042D5E48F000A2D6F1 /* Release */ = {
			isa = XCBuildConfiguration;
			buildSettings = {
				ASSETCATALOG_COMPILER_APPICON_NAME = AppIcon;
				ASSETCATALOG_COMPILER_GLOBAL_ACCENT_COLOR_NAME = AccentColor;
				CODE_SIGN_STYLE = Automatic;
				CURRENT_PROJECT_VERSION = 1;
				DEVELOPMENT_TEAM = G32MTJ59JJ;
				GENERATE_INFOPLIST_FILE = YES;
				INFOPLIST_FILE = "Pet Translator/Info.plist";
				INFOPLIST_KEY_NSMicrophoneUsageDescription = "Please allow access to your microphone to use the app's features";
				INFOPLIST_KEY_UIApplicationSupportsIndirectInputEvents = YES;
				INFOPLIST_KEY_UILaunchStoryboardName = LaunchScreen.storyboard;
				INFOPLIST_KEY_UIMainStoryboardFile = Main;
				INFOPLIST_KEY_UISupportedInterfaceOrientations = UIInterfaceOrientationPortrait;
				INFOPLIST_KEY_UISupportedInterfaceOrientations_iPad = "UIInterfaceOrientationLandscapeLeft UIInterfaceOrientationLandscapeRight UIInterfaceOrientationPortrait UIInterfaceOrientationPortraitUpsideDown";
				LD_RUNPATH_SEARCH_PATHS = (
					"$(inherited)",
					"@executable_path/Frameworks",
				);
				MARKETING_VERSION = 1.0;
				PRODUCT_BUNDLE_IDENTIFIER = "com.tkch.Pet-Translator";
				PRODUCT_NAME = "$(TARGET_NAME)";
				SUPPORTED_PLATFORMS = "iphoneos iphonesimulator";
				SUPPORTS_MACCATALYST = NO;
				SUPPORTS_MAC_DESIGNED_FOR_IPHONE_IPAD = NO;
				SUPPORTS_XR_DESIGNED_FOR_IPHONE_IPAD = NO;
				SWIFT_EMIT_LOC_STRINGS = YES;
				SWIFT_VERSION = 5.0;
				TARGETED_DEVICE_FAMILY = 1;
			};
			name = Release;
		};
/* End XCBuildConfiguration section */

/* Begin XCConfigurationList section */
		99BBDBE92D5E48ED00A2D6F1 /* Build configuration list for PBXProject "Pet Translator" */ = {
			isa = XCConfigurationList;
			buildConfigurations = (
				99BBDC002D5E48F000A2D6F1 /* Debug */,
				99BBDC012D5E48F000A2D6F1 /* Release */,
			);
			defaultConfigurationIsVisible = 0;
			defaultConfigurationName = Release;
		};
		99BBDC022D5E48F000A2D6F1 /* Build configuration list for PBXNativeTarget "Pet Translator" */ = {
			isa = XCConfigurationList;
			buildConfigurations = (
				99BBDC032D5E48F000A2D6F1 /* Debug */,
				99BBDC042D5E48F000A2D6F1 /* Release */,
			);
			defaultConfigurationIsVisible = 0;
			defaultConfigurationName = Release;
		};
/* End XCConfigurationList section */

/* Begin XCRemoteSwiftPackageReference section */
		99F26E3A2D5E7FB600F455D5 /* XCRemoteSwiftPackageReference "lottie-ios" */ = {
			isa = XCRemoteSwiftPackageReference;
			repositoryURL = "https://github.com/airbnb/lottie-ios.git";
			requirement = {
				kind = upToNextMajorVersion;
				minimumVersion = 4.5.1;
			};
		};
/* End XCRemoteSwiftPackageReference section */

/* Begin XCSwiftPackageProductDependency section */
		99F26E3B2D5E7FB600F455D5 /* Lottie */ = {
			isa = XCSwiftPackageProductDependency;
			package = 99F26E3A2D5E7FB600F455D5 /* XCRemoteSwiftPackageReference "lottie-ios" */;
			productName = Lottie;
		};
		99F26E3D2D5E7FB600F455D5 /* Lottie-Dynamic */ = {
			isa = XCSwiftPackageProductDependency;
			package = 99F26E3A2D5E7FB600F455D5 /* XCRemoteSwiftPackageReference "lottie-ios" */;
			productName = "Lottie-Dynamic";
		};
/* End XCSwiftPackageProductDependency section */
	};
	rootObject = 99BBDBE62D5E48ED00A2D6F1 /* Project object */;
}
